
Microsoft Visual Studio Solution File, Format Version 12.00
# Visual Studio 14
VisualStudioVersion = 14.0.25420.1
MinimumVisualStudioVersion = 10.0.40219.1
Project("{2150E333-8FDC-42A3-9474-1A3956D46DE8}") = "Business", "Business", "{75DF4234-68A6-4F2A-98A9-72364E3B6EE7}"
EndProject
Project("{2150E333-8FDC-42A3-9474-1A3956D46DE8}") = "Client", "Client", "{F3A1F611-4E5C-449D-B4F8-4C4F35D81753}"
EndProject
Project("{FAE04EC0-301F-11D3-BF4B-00C04F79EFBC}") = "CarRental.Business.Entities", "CarRental.Business.Entities\CarRental.Business.Entities.csproj", "{BFE93A31-1166-41BA-85D6-1683AADC98DC}"
EndProject
Project("{FAE04EC0-301F-11D3-BF4B-00C04F79EFBC}") = "CarRental.Client.Entities", "CarRental.Client.Entities\CarRental.Client.Entities.csproj", "{5737956B-C02C-483A-9320-360EF5590DF3}"
EndProject
Project("{2150E333-8FDC-42A3-9474-1A3956D46DE8}") = "Core", "Core", "{6DDDAE9B-83B0-4917-829F-15C3204F504E}"
EndProject
Project("{2150E333-8FDC-42A3-9474-1A3956D46DE8}") = "Tests", "Tests", "{C7954885-7146-4D90-8114-B1054A537135}"
EndProject
Project("{FAE04EC0-301F-11D3-BF4B-00C04F79EFBC}") = "Core.Common", "Core.Common\Core.Common.csproj", "{AB9B7BFE-7B4E-4930-88E3-67896AF32089}"
EndProject
Project("{FAE04EC0-301F-11D3-BF4B-00C04F79EFBC}") = "Core.Common.Contracts", "Core.Common.Contracts\Core.Common.Contracts.csproj", "{98673357-2886-45CA-834D-ACBB8A6F9283}"
EndProject
Project("{FAE04EC0-301F-11D3-BF4B-00C04F79EFBC}") = "Core.Common.Tests", "Core.Common.Tests\Core.Common.Tests.csproj", "{45AACA40-89D3-486D-99AF-9245822A3EFF}"
EndProject
Global
	GlobalSection(SolutionConfigurationPlatforms) = preSolution
		Debug|Any CPU = Debug|Any CPU
		Release|Any CPU = Release|Any CPU
	EndGlobalSection
	GlobalSection(ProjectConfigurationPlatforms) = postSolution
		{BFE93A31-1166-41BA-85D6-1683AADC98DC}.Debug|Any CPU.ActiveCfg = Debug|Any CPU
		{BFE93A31-1166-41BA-85D6-1683AADC98DC}.Debug|Any CPU.Build.0 = Debug|Any CPU
		{BFE93A31-1166-41BA-85D6-1683AADC98DC}.Release|Any CPU.ActiveCfg = Release|Any CPU
		{BFE93A31-1166-41BA-85D6-1683AADC98DC}.Release|Any CPU.Build.0 = Release|Any CPU
		{5737956B-C02C-483A-9320-360EF5590DF3}.Debug|Any CPU.ActiveCfg = Debug|Any CPU
		{5737956B-C02C-483A-9320-360EF5590DF3}.Debug|Any CPU.Build.0 = Debug|Any CPU
		{5737956B-C02C-483A-9320-360EF5590DF3}.Release|Any CPU.ActiveCfg = Release|Any CPU
		{5737956B-C02C-483A-9320-360EF5590DF3}.Release|Any CPU.Build.0 = Release|Any CPU
		{AB9B7BFE-7B4E-4930-88E3-67896AF32089}.Debug|Any CPU.ActiveCfg = Debug|Any CPU
		{AB9B7BFE-7B4E-4930-88E3-67896AF32089}.Debug|Any CPU.Build.0 = Debug|Any CPU
		{AB9B7BFE-7B4E-4930-88E3-67896AF32089}.Release|Any CPU.ActiveCfg = Release|Any CPU
		{AB9B7BFE-7B4E-4930-88E3-67896AF32089}.Release|Any CPU.Build.0 = Release|Any CPU
		{98673357-2886-45CA-834D-ACBB8A6F9283}.Debug|Any CPU.ActiveCfg = Debug|Any CPU
		{98673357-2886-45CA-834D-ACBB8A6F9283}.Debug|Any CPU.Build.0 = Debug|Any CPU
		{98673357-2886-45CA-834D-ACBB8A6F9283}.Release|Any CPU.ActiveCfg = Release|Any CPU
		{98673357-2886-45CA-834D-ACBB8A6F9283}.Release|Any CPU.Build.0 = Release|Any CPU
		{45AACA40-89D3-486D-99AF-9245822A3EFF}.Debug|Any CPU.ActiveCfg = Debug|Any CPU
		{45AACA40-89D3-486D-99AF-9245822A3EFF}.Debug|Any CPU.Build.0 = Debug|Any CPU
		{45AACA40-89D3-486D-99AF-9245822A3EFF}.Release|Any CPU.ActiveCfg = Release|Any CPU
		{45AACA40-89D3-486D-99AF-9245822A3EFF}.Release|Any CPU.Build.0 = Release|Any CPU
	EndGlobalSection
	GlobalSection(SolutionProperties) = preSolution
		HideSolutionNode = FALSE
	EndGlobalSection
	GlobalSection(NestedProjects) = preSolution
		{BFE93A31-1166-41BA-85D6-1683AADC98DC} = {75DF4234-68A6-4F2A-98A9-72364E3B6EE7}
		{5737956B-C02C-483A-9320-360EF5590DF3} = {F3A1F611-4E5C-449D-B4F8-4C4F35D81753}
		{AB9B7BFE-7B4E-4930-88E3-67896AF32089} = {6DDDAE9B-83B0-4917-829F-15C3204F504E}
		{98673357-2886-45CA-834D-ACBB8A6F9283} = {6DDDAE9B-83B0-4917-829F-15C3204F504E}
		{45AACA40-89D3-486D-99AF-9245822A3EFF} = {C7954885-7146-4D90-8114-B1054A537135}
	EndGlobalSection
EndGlobal
